
Microsoft Visual Studio Solution File, Format Version 12.00
# Visual Studio Version 17
VisualStudioVersion = 17.9.34622.214
MinimumVisualStudioVersion = 10.0.40219.1
Project("{9A19103F-16F7-4668-BE54-9A1E7A4F7556}") = "Webapi.net", "Webapi.net\Webapi.net.csproj", "{7467821A-C31C-46ED-8354-9705C28B28F3}"
EndProject
Global
	GlobalSection(SolutionConfigurationPlatforms) = preSolution
		Debug|Any CPU = Debug|Any CPU
		Release|Any CPU = Release|Any CPU
	EndGlobalSection
	GlobalSection(ProjectConfigurationPlatforms) = postSolution
		{7467821A-C31C-46ED-8354-9705C28B28F3}.Debug|Any CPU.ActiveCfg = Debug|Any CPU
		{7467821A-C31C-46ED-8354-9705C28B28F3}.Debug|Any CPU.Build.0 = Debug|Any CPU
		{7467821A-C31C-46ED-8354-9705C28B28F3}.Release|Any CPU.ActiveCfg = Release|Any CPU
		{7467821A-C31C-46ED-8354-9705C28B28F3}.Release|Any CPU.Build.0 = Release|Any CPU
	EndGlobalSection
	GlobalSection(SolutionProperties) = preSolution
		HideSolutionNode = FALSE
	EndGlobalSection
	GlobalSection(ExtensibilityGlobals) = postSolution
		SolutionGuid = {A820FBF9-FCED-4B26-8BB8-791C07F75C01}
	EndGlobalSection
EndGlobal
