
Microsoft Visual Studio Solution File, Format Version 11.00
# Visual Studio 2010
Project("{FAE04EC0-301F-11D3-BF4B-00C04F79EFBC}") = "Webapi.net", "Webapi.net\Webapi.net.csproj", "{692C8FC4-B880-468D-B460-A5114BE0011C}"
EndProject
Global
	GlobalSection(SolutionConfigurationPlatforms) = preSolution
		Debug|Any CPU = Debug|Any CPU
		Release|Any CPU = Release|Any CPU
	EndGlobalSection
	GlobalSection(ProjectConfigurationPlatforms) = postSolution
		{692C8FC4-B880-468D-B460-A5114BE0011C}.Debug|Any CPU.ActiveCfg = Debug|Any CPU
		{692C8FC4-B880-468D-B460-A5114BE0011C}.Debug|Any CPU.Build.0 = Debug|Any CPU
		{692C8FC4-B880-468D-B460-A5114BE0011C}.Release|Any CPU.ActiveCfg = Release|Any CPU
		{692C8FC4-B880-468D-B460-A5114BE0011C}.Release|Any CPU.Build.0 = Release|Any CPU
	EndGlobalSection
	GlobalSection(SolutionProperties) = preSolution
		HideSolutionNode = FALSE
	EndGlobalSection
EndGlobal
